
Microsoft Visual Studio Solution File, Format Version 12.00
# Visual Studio Version 16
VisualStudioVersion = 16.0.31424.327
MinimumVisualStudioVersion = 10.0.40219.1
Project("{FAE04EC0-301F-11D3-BF4B-00C04F79EFBC}") = "bike-web", "bike-web\bike-web.csproj", "{081663FD-7C8F-40B0-AE15-062061E896AB}"
EndProject
Global
	GlobalSection(SolutionConfigurationPlatforms) = preSolution
		Debug|Any CPU = Debug|Any CPU
		Release|Any CPU = Release|Any CPU
	EndGlobalSection
	GlobalSection(ProjectConfigurationPlatforms) = postSolution
		{081663FD-7C8F-40B0-AE15-062061E896AB}.Debug|Any CPU.ActiveCfg = Debug|Any CPU
		{081663FD-7C8F-40B0-AE15-062061E896AB}.Debug|Any CPU.Build.0 = Debug|Any CPU
		{081663FD-7C8F-40B0-AE15-062061E896AB}.Release|Any CPU.ActiveCfg = Release|Any CPU
		{081663FD-7C8F-40B0-AE15-062061E896AB}.Release|Any CPU.Build.0 = Release|Any CPU
	EndGlobalSection
	GlobalSection(SolutionProperties) = preSolution
		HideSolutionNode = FALSE
	EndGlobalSection
	GlobalSection(ExtensibilityGlobals) = postSolution
		SolutionGuid = {26C9D960-D689-4269-BFF8-BE09451B5F75}
	EndGlobalSection
EndGlobal
